// !$*UTF8*$!
{
	archiveVersion = 1;
	classes = {
	};
	objectVersion = 50;
	objects = {

/* Begin PBXBuildFile section */
		D9A521D422A5755900E9CEC8 /* KpiCellStyle.swift in Sources */ = {isa = PBXBuildFile; fileRef = D9A521D322A5755900E9CEC8 /* KpiCellStyle.swift */; };
		D9A521D822A58B6300E9CEC8 /* KpiTableViewCell2.swift in Sources */ = {isa = PBXBuildFile; fileRef = D9A521D722A58B6300E9CEC8 /* KpiTableViewCell2.swift */; };
		D9DE3829229EFA19000F765A /* AppDelegate.swift in Sources */ = {isa = PBXBuildFile; fileRef = D9DE3828229EFA19000F765A /* AppDelegate.swift */; };
		D9DE382B229EFA19000F765A /* KpiViewController.swift in Sources */ = {isa = PBXBuildFile; fileRef = D9DE382A229EFA19000F765A /* KpiViewController.swift */; };
		D9DE382E229EFA1A000F765A /* Main.storyboard in Resources */ = {isa = PBXBuildFile; fileRef = D9DE382C229EFA1A000F765A /* Main.storyboard */; };
		D9DE3831229EFA1A000F765A /* GBoardApp.xcdatamodeld in Sources */ = {isa = PBXBuildFile; fileRef = D9DE382F229EFA1A000F765A /* GBoardApp.xcdatamodeld */; };
		D9DE3833229EFA1B000F765A /* Assets.xcassets in Resources */ = {isa = PBXBuildFile; fileRef = D9DE3832229EFA1B000F765A /* Assets.xcassets */; };
		D9DE3836229EFA1B000F765A /* LaunchScreen.storyboard in Resources */ = {isa = PBXBuildFile; fileRef = D9DE3834229EFA1B000F765A /* LaunchScreen.storyboard */; };
		D9DE383E229F00FD000F765A /* FocusType.swift in Sources */ = {isa = PBXBuildFile; fileRef = D9DE383D229F00FD000F765A /* FocusType.swift */; };
		D9DE3840229F05BD000F765A /* Kpi.swift in Sources */ = {isa = PBXBuildFile; fileRef = D9DE383F229F05BD000F765A /* Kpi.swift */; };
/* End PBXBuildFile section */

/* Begin PBXFileReference section */
		D9A521D322A5755900E9CEC8 /* KpiCellStyle.swift */ = {isa = PBXFileReference; lastKnownFileType = sourcecode.swift; path = KpiCellStyle.swift; sourceTree = "<group>"; };
		D9A521D722A58B6300E9CEC8 /* KpiTableViewCell2.swift */ = {isa = PBXFileReference; lastKnownFileType = sourcecode.swift; path = KpiTableViewCell2.swift; sourceTree = "<group>"; };
		D9DE3825229EFA19000F765A /* GBoardApp.app */ = {isa = PBXFileReference; explicitFileType = wrapper.application; includeInIndex = 0; path = GBoardApp.app; sourceTree = BUILT_PRODUCTS_DIR; };
		D9DE3828229EFA19000F765A /* AppDelegate.swift */ = {isa = PBXFileReference; lastKnownFileType = sourcecode.swift; path = AppDelegate.swift; sourceTree = "<group>"; };
		D9DE382A229EFA19000F765A /* KpiViewController.swift */ = {isa = PBXFileReference; lastKnownFileType = sourcecode.swift; path = KpiViewController.swift; sourceTree = "<group>"; };
		D9DE382D229EFA1A000F765A /* Base */ = {isa = PBXFileReference; lastKnownFileType = file.storyboard; name = Base; path = Base.lproj/Main.storyboard; sourceTree = "<group>"; };
		D9DE3830229EFA1A000F765A /* GBoardApp.xcdatamodel */ = {isa = PBXFileReference; lastKnownFileType = wrapper.xcdatamodel; path = GBoardApp.xcdatamodel; sourceTree = "<group>"; };
		D9DE3832229EFA1B000F765A /* Assets.xcassets */ = {isa = PBXFileReference; lastKnownFileType = folder.assetcatalog; path = Assets.xcassets; sourceTree = "<group>"; };
		D9DE3835229EFA1B000F765A /* Base */ = {isa = PBXFileReference; lastKnownFileType = file.storyboard; name = Base; path = Base.lproj/LaunchScreen.storyboard; sourceTree = "<group>"; };
		D9DE3837229EFA1B000F765A /* Info.plist */ = {isa = PBXFileReference; lastKnownFileType = text.plist.xml; path = Info.plist; sourceTree = "<group>"; };
		D9DE383D229F00FD000F765A /* FocusType.swift */ = {isa = PBXFileReference; lastKnownFileType = sourcecode.swift; path = FocusType.swift; sourceTree = "<group>"; };
		D9DE383F229F05BD000F765A /* Kpi.swift */ = {isa = PBXFileReference; lastKnownFileType = sourcecode.swift; path = Kpi.swift; sourceTree = "<group>"; };
/* End PBXFileReference section */

/* Begin PBXFrameworksBuildPhase section */
		D9DE3822229EFA19000F765A /* Frameworks */ = {
			isa = PBXFrameworksBuildPhase;
			buildActionMask = 2147483647;
			files = (
			);
			runOnlyForDeploymentPostprocessing = 0;
		};
/* End PBXFrameworksBuildPhase section */

/* Begin PBXGroup section */
		D9DE381C229EFA19000F765A = {
			isa = PBXGroup;
			children = (
				D9DE3827229EFA19000F765A /* GBoardApp */,
				D9DE3826229EFA19000F765A /* Products */,
			);
			sourceTree = "<group>";
		};
		D9DE3826229EFA19000F765A /* Products */ = {
			isa = PBXGroup;
			children = (
				D9DE3825229EFA19000F765A /* GBoardApp.app */,
			);
			name = Products;
			sourceTree = "<group>";
		};
		D9DE3827229EFA19000F765A /* GBoardApp */ = {
			isa = PBXGroup;
			children = (
				D9DE3828229EFA19000F765A /* AppDelegate.swift */,
				D9A521D322A5755900E9CEC8 /* KpiCellStyle.swift */,
				D9DE382A229EFA19000F765A /* KpiViewController.swift */,
				D9A521D722A58B6300E9CEC8 /* KpiTableViewCell2.swift */,
				D9DE382C229EFA1A000F765A /* Main.storyboard */,
				D9DE383D229F00FD000F765A /* FocusType.swift */,
				D9DE383F229F05BD000F765A /* Kpi.swift */,
				D9DE3832229EFA1B000F765A /* Assets.xcassets */,
				D9DE3834229EFA1B000F765A /* LaunchScreen.storyboard */,
				D9DE3837229EFA1B000F765A /* Info.plist */,
				D9DE382F229EFA1A000F765A /* GBoardApp.xcdatamodeld */,
			);
			path = GBoardApp;
			sourceTree = "<group>";
		};
/* End PBXGroup section */

/* Begin PBXNativeTarget section */
		D9DE3824229EFA19000F765A /* GBoardApp */ = {
			isa = PBXNativeTarget;
			buildConfigurationList = D9DE383A229EFA1B000F765A /* Build configuration list for PBXNativeTarget "GBoardApp" */;
			buildPhases = (
				D9DE3821229EFA19000F765A /* Sources */,
				D9DE3822229EFA19000F765A /* Frameworks */,
				D9DE3823229EFA19000F765A /* Resources */,
			);
			buildRules = (
			);
			dependencies = (
			);
			name = GBoardApp;
			productName = GBoardApp;
			productReference = D9DE3825229EFA19000F765A /* GBoardApp.app */;
			productType = "com.apple.product-type.application";
		};
/* End PBXNativeTarget section */

/* Begin PBXProject section */
		D9DE381D229EFA19000F765A /* Project object */ = {
			isa = PBXProject;
			attributes = {
				LastSwiftUpdateCheck = 1020;
				LastUpgradeCheck = 1020;
				ORGANIZATIONNAME = Dev2;
				TargetAttributes = {
					D9DE3824229EFA19000F765A = {
						CreatedOnToolsVersion = 10.2.1;
					};
				};
			};
			buildConfigurationList = D9DE3820229EFA19000F765A /* Build configuration list for PBXProject "GBoardApp" */;
			compatibilityVersion = "Xcode 9.3";
			developmentRegion = en;
			hasScannedForEncodings = 0;
			knownRegions = (
				en,
				Base,
			);
			mainGroup = D9DE381C229EFA19000F765A;
			productRefGroup = D9DE3826229EFA19000F765A /* Products */;
			projectDirPath = "";
			projectRoot = "";
			targets = (
				D9DE3824229EFA19000F765A /* GBoardApp */,
			);
		};
/* End PBXProject section */

/* Begin PBXResourcesBuildPhase section */
		D9DE3823229EFA19000F765A /* Resources */ = {
			isa = PBXResourcesBuildPhase;
			buildActionMask = 2147483647;
			files = (
				D9DE3836229EFA1B000F765A /* LaunchScreen.storyboard in Resources */,
				D9DE3833229EFA1B000F765A /* Assets.xcassets in Resources */,
				D9DE382E229EFA1A000F765A /* Main.storyboard in Resources */,
			);
			runOnlyForDeploymentPostprocessing = 0;
		};
/* End PBXResourcesBuildPhase section */

/* Begin PBXSourcesBuildPhase section */
		D9DE3821229EFA19000F765A /* Sources */ = {
			isa = PBXSourcesBuildPhase;
			buildActionMask = 2147483647;
			files = (
				D9A521D422A5755900E9CEC8 /* KpiCellStyle.swift in Sources */,
				D9DE3831229EFA1A000F765A /* GBoardApp.xcdatamodeld in Sources */,
				D9A521D822A58B6300E9CEC8 /* KpiTableViewCell2.swift in Sources */,
				D9DE3840229F05BD000F765A /* Kpi.swift in Sources */,
				D9DE382B229EFA19000F765A /* KpiViewController.swift in Sources */,
				D9DE383E229F00FD000F765A /* FocusType.swift in Sources */,
				D9DE3829229EFA19000F765A /* AppDelegate.swift in Sources */,
			);
			runOnlyForDeploymentPostprocessing = 0;
		};
/* End PBXSourcesBuildPhase section */

/* Begin PBXVariantGroup section */
		D9DE382C229EFA1A000F765A /* Main.storyboard */ = {
			isa = PBXVariantGroup;
			children = (
				D9DE382D229EFA1A000F765A /* Base */,
			);
			name = Main.storyboard;
			sourceTree = "<group>";
		};
		D9DE3834229EFA1B000F765A /* LaunchScreen.storyboard */ = {
			isa = PBXVariantGroup;
			children = (
				D9DE3835229EFA1B000F765A /* Base */,
			);
			name = LaunchScreen.storyboard;
			sourceTree = "<group>";
		};
/* End PBXVariantGroup section */

/* Begin XCBuildConfiguration section */
		D9DE3838229EFA1B000F765A /* Debug */ = {
			isa = XCBuildConfiguration;
			buildSettings = {
				ALWAYS_SEARCH_USER_PATHS = NO;
				CLANG_ANALYZER_NONNULL = YES;
				CLANG_ANALYZER_NUMBER_OBJECT_CONVERSION = YES_AGGRESSIVE;
				CLANG_CXX_LANGUAGE_STANDARD = "gnu++14";
				CLANG_CXX_LIBRARY = "libc++";
				CLANG_ENABLE_MODULES = YES;
				CLANG_ENABLE_OBJC_ARC = YES;
				CLANG_ENABLE_OBJC_WEAK = YES;
				CLANG_WARN_BLOCK_CAPTURE_AUTORELEASING = YES;
				CLANG_WARN_BOOL_CONVERSION = YES;
				CLANG_WARN_COMMA = YES;
				CLANG_WARN_CONSTANT_CONVERSION = YES;
				CLANG_WARN_DEPRECATED_OBJC_IMPLEMENTATIONS = YES;
				CLANG_WARN_DIRECT_OBJC_ISA_USAGE = YES_ERROR;
				CLANG_WARN_DOCUMENTATION_COMMENTS = YES;
				CLANG_WARN_EMPTY_BODY = YES;
				CLANG_WARN_ENUM_CONVERSION = YES;
				CLANG_WARN_INFINITE_RECURSION = YES;
				CLANG_WARN_INT_CONVERSION = YES;
				CLANG_WARN_NON_LITERAL_NULL_CONVERSION = YES;
				CLANG_WARN_OBJC_IMPLICIT_RETAIN_SELF = YES;
				CLANG_WARN_OBJC_LITERAL_CONVERSION = YES;
				CLANG_WARN_OBJC_ROOT_CLASS = YES_ERROR;
				CLANG_WARN_RANGE_LOOP_ANALYSIS = YES;
				CLANG_WARN_STRICT_PROTOTYPES = YES;
				CLANG_WARN_SUSPICIOUS_MOVE = YES;
				CLANG_WARN_UNGUARDED_AVAILABILITY = YES_AGGRESSIVE;
				CLANG_WARN_UNREACHABLE_CODE = YES;
				CLANG_WARN__DUPLICATE_METHOD_MATCH = YES;
				CODE_SIGN_IDENTITY = "iPhone Developer";
				COPY_PHASE_STRIP = NO;
				DEBUG_INFORMATION_FORMAT = dwarf;
				ENABLE_STRICT_OBJC_MSGSEND = YES;
				ENABLE_TESTABILITY = YES;
				GCC_C_LANGUAGE_STANDARD = gnu11;
				GCC_DYNAMIC_NO_PIC = NO;
				GCC_NO_COMMON_BLOCKS = YES;
				GCC_OPTIMIZATION_LEVEL = 0;
				GCC_PREPROCESSOR_DEFINITIONS = (
					"DEBUG=1",
					"$(inherited)",
				);
				GCC_WARN_64_TO_32_BIT_CONVERSION = YES;
				GCC_WARN_ABOUT_RETURN_TYPE = YES_ERROR;
				GCC_WARN_UNDECLARED_SELECTOR = YES;
				GCC_WARN_UNINITIALIZED_AUTOS = YES_AGGRESSIVE;
				GCC_WARN_UNUSED_FUNCTION = YES;
				GCC_WARN_UNUSED_VARIABLE = YES;
				IPHONEOS_DEPLOYMENT_TARGET = 12.2;
				MTL_ENABLE_DEBUG_INFO = INCLUDE_SOURCE;
				MTL_FAST_MATH = YES;
				ONLY_ACTIVE_ARCH = YES;
				SDKROOT = iphoneos;
				SWIFT_ACTIVE_COMPILATION_CONDITIONS = DEBUG;
				SWIFT_OPTIMIZATION_LEVEL = "-Onone";
			};
			name = Debug;
		};
		D9DE3839229EFA1B000F765A /* Release */ = {
			isa = XCBuildConfiguration;
			buildSettings = {
				ALWAYS_SEARCH_USER_PATHS = NO;
				CLANG_ANALYZER_NONNULL = YES;
				CLANG_ANALYZER_NUMBER_OBJECT_CONVERSION = YES_AGGRESSIVE;
				CLANG_CXX_LANGUAGE_STANDARD = "gnu++14";
				CLANG_CXX_LIBRARY = "libc++";
				CLANG_ENABLE_MODULES = YES;
				CLANG_ENABLE_OBJC_ARC = YES;
				CLANG_ENABLE_OBJC_WEAK = YES;
				CLANG_WARN_BLOCK_CAPTURE_AUTORELEASING = YES;
				CLANG_WARN_BOOL_CONVERSION = YES;
				CLANG_WARN_COMMA = YES;
				CLANG_WARN_CONSTANT_CONVERSION = YES;
				CLANG_WARN_DEPRECATED_OBJC_IMPLEMENTATIONS = YES;
				CLANG_WARN_DIRECT_OBJC_ISA_USAGE = YES_ERROR;
				CLANG_WARN_DOCUMENTATION_COMMENTS = YES;
				CLANG_WARN_EMPTY_BODY = YES;
				CLANG_WARN_ENUM_CONVERSION = YES;
				CLANG_WARN_INFINITE_RECURSION = YES;
				CLANG_WARN_INT_CONVERSION = YES;
				CLANG_WARN_NON_LITERAL_NULL_CONVERSION = YES;
				CLANG_WARN_OBJC_IMPLICIT_RETAIN_SELF = YES;
				CLANG_WARN_OBJC_LITERAL_CONVERSION = YES;
				CLANG_WARN_OBJC_ROOT_CLASS = YES_ERROR;
				CLANG_WARN_RANGE_LOOP_ANALYSIS = YES;
				CLANG_WARN_STRICT_PROTOTYPES = YES;
				CLANG_WARN_SUSPICIOUS_MOVE = YES;
				CLANG_WARN_UNGUARDED_AVAILABILITY = YES_AGGRESSIVE;
				CLANG_WARN_UNREACHABLE_CODE = YES;
				CLANG_WARN__DUPLICATE_METHOD_MATCH = YES;
				CODE_SIGN_IDENTITY = "iPhone Developer";
				COPY_PHASE_STRIP = NO;
				DEBUG_INFORMATION_FORMAT = "dwarf-with-dsym";
				ENABLE_NS_ASSERTIONS = NO;
				ENABLE_STRICT_OBJC_MSGSEND = YES;
				GCC_C_LANGUAGE_STANDARD = gnu11;
				GCC_NO_COMMON_BLOCKS = YES;
				GCC_WARN_64_TO_32_BIT_CONVERSION = YES;
				GCC_WARN_ABOUT_RETURN_TYPE = YES_ERROR;
				GCC_WARN_UNDECLARED_SELECTOR = YES;
				GCC_WARN_UNINITIALIZED_AUTOS = YES_AGGRESSIVE;
				GCC_WARN_UNUSED_FUNCTION = YES;
				GCC_WARN_UNUSED_VARIABLE = YES;
				IPHONEOS_DEPLOYMENT_TARGET = 12.2;
				MTL_ENABLE_DEBUG_INFO = NO;
				MTL_FAST_MATH = YES;
				SDKROOT = iphoneos;
				SWIFT_COMPILATION_MODE = wholemodule;
				SWIFT_OPTIMIZATION_LEVEL = "-O";
				VALIDATE_PRODUCT = YES;
			};
			name = Release;
		};
		D9DE383B229EFA1B000F765A /* Debug */ = {
			isa = XCBuildConfiguration;
			buildSettings = {
				ASSETCATALOG_COMPILER_APPICON_NAME = AppIcon;
				CODE_SIGN_STYLE = Automatic;
				DEVELOPMENT_TEAM = 85B8P8K72H;
				INFOPLIST_FILE = GBoardApp/Info.plist;
				LD_RUNPATH_SEARCH_PATHS = (
					"$(inherited)",
					"@executable_path/Frameworks",
				);
				PRODUCT_BUNDLE_IDENTIFIER = Dev2.GBoardApp;
				PRODUCT_NAME = "$(TARGET_NAME)";
				SWIFT_VERSION = 5.0;
				TARGETED_DEVICE_FAMILY = "1,2";
			};
			name = Debug;
		};
		D9DE383C229EFA1B000F765A /* Release */ = {
			isa = XCBuildConfiguration;
			buildSettings = {
				ASSETCATALOG_COMPILER_APPICON_NAME = AppIcon;
				CODE_SIGN_STYLE = Automatic;
				DEVELOPMENT_TEAM = 85B8P8K72H;
				INFOPLIST_FILE = GBoardApp/Info.plist;
				LD_RUNPATH_SEARCH_PATHS = (
					"$(inherited)",
					"@executable_path/Frameworks",
				);
				PRODUCT_BUNDLE_IDENTIFIER = Dev2.GBoardApp;
				PRODUCT_NAME = "$(TARGET_NAME)";
				SWIFT_VERSION = 5.0;
				TARGETED_DEVICE_FAMILY = "1,2";
			};
			name = Release;
		};
/* End XCBuildConfiguration section */

/* Begin XCConfigurationList section */
		D9DE3820229EFA19000F765A /* Build configuration list for PBXProject "GBoardApp" */ = {
			isa = XCConfigurationList;
			buildConfigurations = (
				D9DE3838229EFA1B000F765A /* Debug */,
				D9DE3839229EFA1B000F765A /* Release */,
			);
			defaultConfigurationIsVisible = 0;
			defaultConfigurationName = Release;
		};
		D9DE383A229EFA1B000F765A /* Build configuration list for PBXNativeTarget "GBoardApp" */ = {
			isa = XCConfigurationList;
			buildConfigurations = (
				D9DE383B229EFA1B000F765A /* Debug */,
				D9DE383C229EFA1B000F765A /* Release */,
			);
			defaultConfigurationIsVisible = 0;
			defaultConfigurationName = Release;
		};
/* End XCConfigurationList section */

/* Begin XCVersionGroup section */
		D9DE382F229EFA1A000F765A /* GBoardApp.xcdatamodeld */ = {
			isa = XCVersionGroup;
			children = (
				D9DE3830229EFA1A000F765A /* GBoardApp.xcdatamodel */,
			);
			currentVersion = D9DE3830229EFA1A000F765A /* GBoardApp.xcdatamodel */;
			path = GBoardApp.xcdatamodeld;
			sourceTree = "<group>";
			versionGroupType = wrapper.xcdatamodel;
		};
/* End XCVersionGroup section */
	};
	rootObject = D9DE381D229EFA19000F765A /* Project object */;
}
